
Microsoft Visual Studio Solution File, Format Version 12.00
# Visual Studio Version 17
VisualStudioVersion = 17.2.32516.85
MinimumVisualStudioVersion = 10.0.40219.1
Project("{9A19103F-16F7-4668-BE54-9A1E7A4F7556}") = "RocketEcommerceAPI", "RocketEcommerceAPI.csproj", "{FD5267C8-3CC8-46E8-9B63-C7BAB83E0978}"
EndProject
Project("{9A19103F-16F7-4668-BE54-9A1E7A4F7556}") = "Simplisity", "..\..\DNNrocket\Simplisity\Simplisity.csproj", "{5D2169BA-BE10-4758-B104-ED297F74B92A}"
EndProject
Project("{FAE04EC0-301F-11D3-BF4B-00C04F79EFBC}") = "DNNrocketAPI", "..\..\DNNrocket\API\DNNrocketAPI.csproj", "{2200F6C3-7D4B-4CDF-908F-DCA37ADFB121}"
EndProject
Project("{9A19103F-16F7-4668-BE54-9A1E7A4F7556}") = "Country", "..\..\DNNrocket\Country\Country.csproj", "{659500F3-8097-46D8-ACC1-3C06E041C43E}"
EndProject
Project("{9A19103F-16F7-4668-BE54-9A1E7A4F7556}") = "RocketPortal", "..\..\DNNrocket\RocketPortal\RocketPortal.csproj", "{DB148D89-5E16-4AF5-B777-637E8EFE7708}"
EndProject
Project("{2150E333-8FDC-42A3-9474-1A3956D46DE8}") = "Solution Items", "Solution Items", "{68822FE2-C0D7-41F7-83E3-DA431E4F6C4B}"
	ProjectSection(SolutionItems) = preProject
		..\..\dnnpack.config = ..\..\dnnpack.config
		..\..\DNNrocket\css\w3.css = ..\..\DNNrocket\css\w3.css
	EndProjectSection
EndProject
Project("{9A19103F-16F7-4668-BE54-9A1E7A4F7556}") = "AppThemes", "..\..\DNNrocket\RocketAppTheme\AppThemes.csproj", "{3153493A-28E4-4A27-BF87-2E0F6A5314D8}"
EndProject
Project("{9A19103F-16F7-4668-BE54-9A1E7A4F7556}") = "RE_CartPriceShipping", "..\RE_CartPriceShipping\RE_CartPriceShipping.csproj", "{4F27E846-0703-4C59-9037-893A4AE42763}"
EndProject
Project("{9A19103F-16F7-4668-BE54-9A1E7A4F7556}") = "RE_CartWeightShipping", "..\RE_CartWeightShipping\RE_CartWeightShipping.csproj", "{F500C4B4-4E0F-4ACE-A323-EF1D7F799B5A}"
EndProject
Project("{FAE04EC0-301F-11D3-BF4B-00C04F79EFBC}") = "RocketEcommerceMod", "..\..\RocketModules\RocketEcommerceMod\RocketEcommerceMod.csproj", "{FC860C56-53ED-47F7-9242-69E3228239AC}"
EndProject
Project("{9A19103F-16F7-4668-BE54-9A1E7A4F7556}") = "REtaxplugin", "..\REtaxplugin\REtaxplugin.csproj", "{69626AF8-C8EB-42CA-B998-0AB7AB4828FC}"
EndProject
Project("{9A19103F-16F7-4668-BE54-9A1E7A4F7556}") = "RocketSystemPay", "..\RocketSystemPay\RocketSystemPay.csproj", "{2599A945-436E-4468-B2E0-55DB18234809}"
EndProject
Project("{9A19103F-16F7-4668-BE54-9A1E7A4F7556}") = "RE_Etransactions", "..\RE_Etransactions\RE_Etransactions.csproj", "{B5E35C4F-3790-4AB8-A4E4-100C6EB5ED84}"
EndProject
Project("{9A19103F-16F7-4668-BE54-9A1E7A4F7556}") = "PayPal", "..\RocketEcommercePayPal\PayPal.csproj", "{46472EB2-8B61-4CC2-BE44-8553FA5DD696}"
EndProject
Project("{9A19103F-16F7-4668-BE54-9A1E7A4F7556}") = "RE_ManualPay", "..\RE_ManualPay\RE_ManualPay.csproj", "{DD23699D-168C-4AAF-8B77-56A7A53DC38B}"
EndProject
Global
	GlobalSection(SolutionConfigurationPlatforms) = preSolution
		Debug|Any CPU = Debug|Any CPU
		DebugAll|Any CPU = DebugAll|Any CPU
		Razor|Any CPU = Razor|Any CPU
		Release|Any CPU = Release|Any CPU
		ReleaseAll|Any CPU = ReleaseAll|Any CPU
	EndGlobalSection
	GlobalSection(ProjectConfigurationPlatforms) = postSolution
		{FD5267C8-3CC8-46E8-9B63-C7BAB83E0978}.Debug|Any CPU.ActiveCfg = Debug|Any CPU
		{FD5267C8-3CC8-46E8-9B63-C7BAB83E0978}.DebugAll|Any CPU.ActiveCfg = Debug|Any CPU
		{FD5267C8-3CC8-46E8-9B63-C7BAB83E0978}.DebugAll|Any CPU.Build.0 = Debug|Any CPU
		{FD5267C8-3CC8-46E8-9B63-C7BAB83E0978}.Razor|Any CPU.ActiveCfg = Razor|Any CPU
		{FD5267C8-3CC8-46E8-9B63-C7BAB83E0978}.Release|Any CPU.ActiveCfg = Release|Any CPU
		{FD5267C8-3CC8-46E8-9B63-C7BAB83E0978}.ReleaseAll|Any CPU.ActiveCfg = Release|Any CPU
		{FD5267C8-3CC8-46E8-9B63-C7BAB83E0978}.ReleaseAll|Any CPU.Build.0 = Release|Any CPU
		{5D2169BA-BE10-4758-B104-ED297F74B92A}.Debug|Any CPU.ActiveCfg = Debug|Any CPU
		{5D2169BA-BE10-4758-B104-ED297F74B92A}.DebugAll|Any CPU.ActiveCfg = Debug|Any CPU
		{5D2169BA-BE10-4758-B104-ED297F74B92A}.DebugAll|Any CPU.Build.0 = Debug|Any CPU
		{5D2169BA-BE10-4758-B104-ED297F74B92A}.Razor|Any CPU.ActiveCfg = Razor|Any CPU
		{5D2169BA-BE10-4758-B104-ED297F74B92A}.Release|Any CPU.ActiveCfg = Release|Any CPU
		{5D2169BA-BE10-4758-B104-ED297F74B92A}.ReleaseAll|Any CPU.ActiveCfg = Release|Any CPU
		{5D2169BA-BE10-4758-B104-ED297F74B92A}.ReleaseAll|Any CPU.Build.0 = Release|Any CPU
		{2200F6C3-7D4B-4CDF-908F-DCA37ADFB121}.Debug|Any CPU.ActiveCfg = Debug|Any CPU
		{2200F6C3-7D4B-4CDF-908F-DCA37ADFB121}.DebugAll|Any CPU.ActiveCfg = Debug|Any CPU
		{2200F6C3-7D4B-4CDF-908F-DCA37ADFB121}.DebugAll|Any CPU.Build.0 = Debug|Any CPU
		{2200F6C3-7D4B-4CDF-908F-DCA37ADFB121}.Razor|Any CPU.ActiveCfg = Razor|Any CPU
		{2200F6C3-7D4B-4CDF-908F-DCA37ADFB121}.Release|Any CPU.ActiveCfg = Release|Any CPU
		{2200F6C3-7D4B-4CDF-908F-DCA37ADFB121}.ReleaseAll|Any CPU.ActiveCfg = Release|Any CPU
		{2200F6C3-7D4B-4CDF-908F-DCA37ADFB121}.ReleaseAll|Any CPU.Build.0 = Release|Any CPU
		{659500F3-8097-46D8-ACC1-3C06E041C43E}.Debug|Any CPU.ActiveCfg = Debug|Any CPU
		{659500F3-8097-46D8-ACC1-3C06E041C43E}.DebugAll|Any CPU.ActiveCfg = Debug|Any CPU
		{659500F3-8097-46D8-ACC1-3C06E041C43E}.DebugAll|Any CPU.Build.0 = Debug|Any CPU
		{659500F3-8097-46D8-ACC1-3C06E041C43E}.Razor|Any CPU.ActiveCfg = Razor|Any CPU
		{659500F3-8097-46D8-ACC1-3C06E041C43E}.Release|Any CPU.ActiveCfg = Release|Any CPU
		{659500F3-8097-46D8-ACC1-3C06E041C43E}.ReleaseAll|Any CPU.ActiveCfg = Release|Any CPU
		{659500F3-8097-46D8-ACC1-3C06E041C43E}.ReleaseAll|Any CPU.Build.0 = Release|Any CPU
		{DB148D89-5E16-4AF5-B777-637E8EFE7708}.Debug|Any CPU.ActiveCfg = Debug|Any CPU
		{DB148D89-5E16-4AF5-B777-637E8EFE7708}.DebugAll|Any CPU.ActiveCfg = Debug|Any CPU
		{DB148D89-5E16-4AF5-B777-637E8EFE7708}.DebugAll|Any CPU.Build.0 = Debug|Any CPU
		{DB148D89-5E16-4AF5-B777-637E8EFE7708}.Razor|Any CPU.ActiveCfg = Release|Any CPU
		{DB148D89-5E16-4AF5-B777-637E8EFE7708}.Razor|Any CPU.Build.0 = Release|Any CPU
		{DB148D89-5E16-4AF5-B777-637E8EFE7708}.Release|Any CPU.ActiveCfg = Release|Any CPU
		{DB148D89-5E16-4AF5-B777-637E8EFE7708}.ReleaseAll|Any CPU.ActiveCfg = Release|Any CPU
		{DB148D89-5E16-4AF5-B777-637E8EFE7708}.ReleaseAll|Any CPU.Build.0 = Release|Any CPU
		{3153493A-28E4-4A27-BF87-2E0F6A5314D8}.Debug|Any CPU.ActiveCfg = Debug|Any CPU
		{3153493A-28E4-4A27-BF87-2E0F6A5314D8}.DebugAll|Any CPU.ActiveCfg = Debug|Any CPU
		{3153493A-28E4-4A27-BF87-2E0F6A5314D8}.DebugAll|Any CPU.Build.0 = Debug|Any CPU
		{3153493A-28E4-4A27-BF87-2E0F6A5314D8}.Razor|Any CPU.ActiveCfg = Razor|Any CPU
		{3153493A-28E4-4A27-BF87-2E0F6A5314D8}.Razor|Any CPU.Build.0 = Razor|Any CPU
		{3153493A-28E4-4A27-BF87-2E0F6A5314D8}.Release|Any CPU.ActiveCfg = Release|Any CPU
		{3153493A-28E4-4A27-BF87-2E0F6A5314D8}.ReleaseAll|Any CPU.ActiveCfg = Release|Any CPU
		{3153493A-28E4-4A27-BF87-2E0F6A5314D8}.ReleaseAll|Any CPU.Build.0 = Release|Any CPU
		{4F27E846-0703-4C59-9037-893A4AE42763}.Debug|Any CPU.ActiveCfg = Debug|Any CPU
		{4F27E846-0703-4C59-9037-893A4AE42763}.DebugAll|Any CPU.ActiveCfg = Debug|Any CPU
		{4F27E846-0703-4C59-9037-893A4AE42763}.DebugAll|Any CPU.Build.0 = Debug|Any CPU
		{4F27E846-0703-4C59-9037-893A4AE42763}.Razor|Any CPU.ActiveCfg = Razor|Any CPU
		{4F27E846-0703-4C59-9037-893A4AE42763}.Razor|Any CPU.Build.0 = Razor|Any CPU
		{4F27E846-0703-4C59-9037-893A4AE42763}.Release|Any CPU.ActiveCfg = Release|Any CPU
		{4F27E846-0703-4C59-9037-893A4AE42763}.ReleaseAll|Any CPU.ActiveCfg = Release|Any CPU
		{4F27E846-0703-4C59-9037-893A4AE42763}.ReleaseAll|Any CPU.Build.0 = Release|Any CPU
		{F500C4B4-4E0F-4ACE-A323-EF1D7F799B5A}.Debug|Any CPU.ActiveCfg = Debug|Any CPU
		{F500C4B4-4E0F-4ACE-A323-EF1D7F799B5A}.DebugAll|Any CPU.ActiveCfg = Debug|Any CPU
		{F500C4B4-4E0F-4ACE-A323-EF1D7F799B5A}.DebugAll|Any CPU.Build.0 = Debug|Any CPU
		{F500C4B4-4E0F-4ACE-A323-EF1D7F799B5A}.Razor|Any CPU.ActiveCfg = Razor|Any CPU
		{F500C4B4-4E0F-4ACE-A323-EF1D7F799B5A}.Razor|Any CPU.Build.0 = Razor|Any CPU
		{F500C4B4-4E0F-4ACE-A323-EF1D7F799B5A}.Release|Any CPU.ActiveCfg = Release|Any CPU
		{F500C4B4-4E0F-4ACE-A323-EF1D7F799B5A}.ReleaseAll|Any CPU.ActiveCfg = Release|Any CPU
		{F500C4B4-4E0F-4ACE-A323-EF1D7F799B5A}.ReleaseAll|Any CPU.Build.0 = Release|Any CPU
		{FC860C56-53ED-47F7-9242-69E3228239AC}.Debug|Any CPU.ActiveCfg = Debug|Any CPU
		{FC860C56-53ED-47F7-9242-69E3228239AC}.DebugAll|Any CPU.ActiveCfg = Debug|Any CPU
		{FC860C56-53ED-47F7-9242-69E3228239AC}.DebugAll|Any CPU.Build.0 = Debug|Any CPU
		{FC860C56-53ED-47F7-9242-69E3228239AC}.Razor|Any CPU.ActiveCfg = Release|Any CPU
		{FC860C56-53ED-47F7-9242-69E3228239AC}.Razor|Any CPU.Build.0 = Release|Any CPU
		{FC860C56-53ED-47F7-9242-69E3228239AC}.Release|Any CPU.ActiveCfg = Release|Any CPU
		{FC860C56-53ED-47F7-9242-69E3228239AC}.ReleaseAll|Any CPU.ActiveCfg = Release|Any CPU
		{FC860C56-53ED-47F7-9242-69E3228239AC}.ReleaseAll|Any CPU.Build.0 = Release|Any CPU
		{69626AF8-C8EB-42CA-B998-0AB7AB4828FC}.Debug|Any CPU.ActiveCfg = Debug|Any CPU
		{69626AF8-C8EB-42CA-B998-0AB7AB4828FC}.DebugAll|Any CPU.ActiveCfg = Debug|Any CPU
		{69626AF8-C8EB-42CA-B998-0AB7AB4828FC}.DebugAll|Any CPU.Build.0 = Debug|Any CPU
		{69626AF8-C8EB-42CA-B998-0AB7AB4828FC}.Razor|Any CPU.ActiveCfg = Razor|Any CPU
		{69626AF8-C8EB-42CA-B998-0AB7AB4828FC}.Razor|Any CPU.Build.0 = Razor|Any CPU
		{69626AF8-C8EB-42CA-B998-0AB7AB4828FC}.Release|Any CPU.ActiveCfg = Release|Any CPU
		{69626AF8-C8EB-42CA-B998-0AB7AB4828FC}.ReleaseAll|Any CPU.ActiveCfg = Release|Any CPU
		{69626AF8-C8EB-42CA-B998-0AB7AB4828FC}.ReleaseAll|Any CPU.Build.0 = Release|Any CPU
		{2599A945-436E-4468-B2E0-55DB18234809}.Debug|Any CPU.ActiveCfg = Debug|Any CPU
		{2599A945-436E-4468-B2E0-55DB18234809}.DebugAll|Any CPU.ActiveCfg = Debug|Any CPU
		{2599A945-436E-4468-B2E0-55DB18234809}.DebugAll|Any CPU.Build.0 = Debug|Any CPU
		{2599A945-436E-4468-B2E0-55DB18234809}.Razor|Any CPU.ActiveCfg = Razor|Any CPU
		{2599A945-436E-4468-B2E0-55DB18234809}.Razor|Any CPU.Build.0 = Razor|Any CPU
		{2599A945-436E-4468-B2E0-55DB18234809}.Release|Any CPU.ActiveCfg = Release|Any CPU
		{2599A945-436E-4468-B2E0-55DB18234809}.ReleaseAll|Any CPU.ActiveCfg = Release|Any CPU
		{2599A945-436E-4468-B2E0-55DB18234809}.ReleaseAll|Any CPU.Build.0 = Release|Any CPU
		{B5E35C4F-3790-4AB8-A4E4-100C6EB5ED84}.Debug|Any CPU.ActiveCfg = Debug|Any CPU
		{B5E35C4F-3790-4AB8-A4E4-100C6EB5ED84}.DebugAll|Any CPU.ActiveCfg = Debug|Any CPU
		{B5E35C4F-3790-4AB8-A4E4-100C6EB5ED84}.DebugAll|Any CPU.Build.0 = Debug|Any CPU
		{B5E35C4F-3790-4AB8-A4E4-100C6EB5ED84}.Razor|Any CPU.ActiveCfg = Razor|Any CPU
		{B5E35C4F-3790-4AB8-A4E4-100C6EB5ED84}.Razor|Any CPU.Build.0 = Razor|Any CPU
		{B5E35C4F-3790-4AB8-A4E4-100C6EB5ED84}.Release|Any CPU.ActiveCfg = Release|Any CPU
		{B5E35C4F-3790-4AB8-A4E4-100C6EB5ED84}.ReleaseAll|Any CPU.ActiveCfg = Release|Any CPU
		{B5E35C4F-3790-4AB8-A4E4-100C6EB5ED84}.ReleaseAll|Any CPU.Build.0 = Release|Any CPU
		{46472EB2-8B61-4CC2-BE44-8553FA5DD696}.Debug|Any CPU.ActiveCfg = Debug|Any CPU
		{46472EB2-8B61-4CC2-BE44-8553FA5DD696}.DebugAll|Any CPU.ActiveCfg = Debug|Any CPU
		{46472EB2-8B61-4CC2-BE44-8553FA5DD696}.DebugAll|Any CPU.Build.0 = Debug|Any CPU
		{46472EB2-8B61-4CC2-BE44-8553FA5DD696}.Razor|Any CPU.ActiveCfg = Razor|Any CPU
		{46472EB2-8B61-4CC2-BE44-8553FA5DD696}.Razor|Any CPU.Build.0 = Razor|Any CPU
		{46472EB2-8B61-4CC2-BE44-8553FA5DD696}.Release|Any CPU.ActiveCfg = Release|Any CPU
		{46472EB2-8B61-4CC2-BE44-8553FA5DD696}.ReleaseAll|Any CPU.ActiveCfg = Release|Any CPU
		{46472EB2-8B61-4CC2-BE44-8553FA5DD696}.ReleaseAll|Any CPU.Build.0 = Release|Any CPU
		{DD23699D-168C-4AAF-8B77-56A7A53DC38B}.Debug|Any CPU.ActiveCfg = Debug|Any CPU
		{DD23699D-168C-4AAF-8B77-56A7A53DC38B}.Debug|Any CPU.Build.0 = Debug|Any CPU
		{DD23699D-168C-4AAF-8B77-56A7A53DC38B}.DebugAll|Any CPU.ActiveCfg = Debug|Any CPU
		{DD23699D-168C-4AAF-8B77-56A7A53DC38B}.DebugAll|Any CPU.Build.0 = Debug|Any CPU
		{DD23699D-168C-4AAF-8B77-56A7A53DC38B}.Razor|Any CPU.ActiveCfg = Razor|Any CPU
		{DD23699D-168C-4AAF-8B77-56A7A53DC38B}.Razor|Any CPU.Build.0 = Razor|Any CPU
		{DD23699D-168C-4AAF-8B77-56A7A53DC38B}.Release|Any CPU.ActiveCfg = Release|Any CPU
		{DD23699D-168C-4AAF-8B77-56A7A53DC38B}.Release|Any CPU.Build.0 = Release|Any CPU
		{DD23699D-168C-4AAF-8B77-56A7A53DC38B}.ReleaseAll|Any CPU.ActiveCfg = Release|Any CPU
		{DD23699D-168C-4AAF-8B77-56A7A53DC38B}.ReleaseAll|Any CPU.Build.0 = Release|Any CPU
	EndGlobalSection
	GlobalSection(SolutionProperties) = preSolution
		HideSolutionNode = FALSE
	EndGlobalSection
	GlobalSection(ExtensibilityGlobals) = postSolution
		SolutionGuid = {806CA64A-4C81-4521-8580-A3A85041A291}
	EndGlobalSection
EndGlobal
